
Microsoft Visual Studio Solution File, Format Version 12.00
# Visual Studio Version 17
VisualStudioVersion = 17.3.32929.385
MinimumVisualStudioVersion = 10.0.40219.1
Project("{8BC9CEB8-8B4A-11D0-8D11-00A0C91BC942}") = "60秒关机恶心人", "60秒关机恶心人\60秒关机恶心人.vcxproj", "{35485484-5674-40B0-A6C9-D6E9E468CBC0}"
EndProject
Global
	GlobalSection(SolutionConfigurationPlatforms) = preSolution
		Debug|x64 = Debug|x64
		Debug|x86 = Debug|x86
		Release|x64 = Release|x64
		Release|x86 = Release|x86
	EndGlobalSection
	GlobalSection(ProjectConfigurationPlatforms) = postSolution
		{35485484-5674-40B0-A6C9-D6E9E468CBC0}.Debug|x64.ActiveCfg = Debug|x64
		{35485484-5674-40B0-A6C9-D6E9E468CBC0}.Debug|x64.Build.0 = Debug|x64
		{35485484-5674-40B0-A6C9-D6E9E468CBC0}.Debug|x86.ActiveCfg = Debug|Win32
		{35485484-5674-40B0-A6C9-D6E9E468CBC0}.Debug|x86.Build.0 = Debug|Win32
		{35485484-5674-40B0-A6C9-D6E9E468CBC0}.Release|x64.ActiveCfg = Release|x64
		{35485484-5674-40B0-A6C9-D6E9E468CBC0}.Release|x64.Build.0 = Release|x64
		{35485484-5674-40B0-A6C9-D6E9E468CBC0}.Release|x86.ActiveCfg = Release|Win32
		{35485484-5674-40B0-A6C9-D6E9E468CBC0}.Release|x86.Build.0 = Release|Win32
	EndGlobalSection
	GlobalSection(SolutionProperties) = preSolution
		HideSolutionNode = FALSE
	EndGlobalSection
	GlobalSection(ExtensibilityGlobals) = postSolution
		SolutionGuid = {1523CB4D-9AE1-4B03-A79C-4E12E4772885}
	EndGlobalSection
EndGlobal
